
Microsoft Visual Studio Solution File, Format Version 12.00
# Visual Studio Version 17
VisualStudioVersion = 17.2.32526.322
MinimumVisualStudioVersion = 10.0.40219.1
Project("{FAE04EC0-301F-11D3-BF4B-00C04F79EFBC}") = "ConsoleApp1", "ConsoleApp1.csproj", "{BFA1679A-875A-4C0B-B23E-C140A34FAB3D}"
EndProject
Project("{FAE04EC0-301F-11D3-BF4B-00C04F79EFBC}") = "MathLib", "..\Math\MathLib.csproj", "{9C8D4CE4-C141-4ED4-AF74-9BBAD5806AC0}"
EndProject
Global
	GlobalSection(SolutionConfigurationPlatforms) = preSolution
		Debug|Any CPU = Debug|Any CPU
		Release|Any CPU = Release|Any CPU
	EndGlobalSection
	GlobalSection(ProjectConfigurationPlatforms) = postSolution
		{BFA1679A-875A-4C0B-B23E-C140A34FAB3D}.Debug|Any CPU.ActiveCfg = Debug|Any CPU
		{BFA1679A-875A-4C0B-B23E-C140A34FAB3D}.Debug|Any CPU.Build.0 = Debug|Any CPU
		{BFA1679A-875A-4C0B-B23E-C140A34FAB3D}.Release|Any CPU.ActiveCfg = Release|Any CPU
		{BFA1679A-875A-4C0B-B23E-C140A34FAB3D}.Release|Any CPU.Build.0 = Release|Any CPU
		{9C8D4CE4-C141-4ED4-AF74-9BBAD5806AC0}.Debug|Any CPU.ActiveCfg = Debug|Any CPU
		{9C8D4CE4-C141-4ED4-AF74-9BBAD5806AC0}.Debug|Any CPU.Build.0 = Debug|Any CPU
		{9C8D4CE4-C141-4ED4-AF74-9BBAD5806AC0}.Release|Any CPU.ActiveCfg = Release|Any CPU
		{9C8D4CE4-C141-4ED4-AF74-9BBAD5806AC0}.Release|Any CPU.Build.0 = Release|Any CPU
	EndGlobalSection
	GlobalSection(SolutionProperties) = preSolution
		HideSolutionNode = FALSE
	EndGlobalSection
	GlobalSection(ExtensibilityGlobals) = postSolution
		SolutionGuid = {1D123135-80C5-47D5-90AC-22DD18D82CA9}
	EndGlobalSection
EndGlobal
