
Microsoft Visual Studio Solution File, Format Version 12.00
# Visual Studio Version 17
VisualStudioVersion = 17.4.33213.308
MinimumVisualStudioVersion = 10.0.40219.1
Project("{FAE04EC0-301F-11D3-BF4B-00C04F79EFBC}") = "WorkerService1", "WorkerService1.csproj", "{66F6CA64-7860-4A1B-91B4-68B62A000538}"
EndProject
Global
	GlobalSection(SolutionConfigurationPlatforms) = preSolution
		Debug|Any CPU = Debug|Any CPU
		Release|Any CPU = Release|Any CPU
	EndGlobalSection
	GlobalSection(ProjectConfigurationPlatforms) = postSolution
		{66F6CA64-7860-4A1B-91B4-68B62A000538}.Debug|Any CPU.ActiveCfg = Debug|Any CPU
		{66F6CA64-7860-4A1B-91B4-68B62A000538}.Debug|Any CPU.Build.0 = Debug|Any CPU
		{66F6CA64-7860-4A1B-91B4-68B62A000538}.Release|Any CPU.ActiveCfg = Release|Any CPU
		{66F6CA64-7860-4A1B-91B4-68B62A000538}.Release|Any CPU.Build.0 = Release|Any CPU
	EndGlobalSection
	GlobalSection(SolutionProperties) = preSolution
		HideSolutionNode = FALSE
	EndGlobalSection
	GlobalSection(ExtensibilityGlobals) = postSolution
		SolutionGuid = {A05673F3-2468-4DA1-A9D5-B708BC54DC13}
	EndGlobalSection
EndGlobal
